<?xml version="1.0" encoding="utf-8"?>
<Project ToolsVersion="4.0" xmlns="http://schemas.microsoft.com/developer/msbuild/2003">
  <ItemGroup>
    <Filter Include="源文件">
      <UniqueIdentifier>{4FC737F1-C7A5-4376-A066-2A32D752A2FF}</UniqueIdentifier>
      <Extensions>cpp;c;cc;cxx;c++;cppm;ixx;def;odl;idl;hpj;bat;asm;asmx</Extensions>
    </Filter>
    <Filter Include="头文件">
      <UniqueIdentifier>{93995380-89BD-4b04-88EB-625FBE52EBFB}</UniqueIdentifier>
      <Extensions>h;hh;hpp;hxx;h++;hm;inl;inc;ipp;xsd</Extensions>
    </Filter>
    <Filter Include="资源文件">
      <UniqueIdentifier>{67DA6AB6-F800-4c08-8B7A-83BB121AAD01}</UniqueIdentifier>
      <Extensions>rc;ico;cur;bmp;dlg;rc2;rct;bin;rgs;gif;jpg;jpeg;jpe;resx;tiff;tif;png;wav;mfcribbon-ms</Extensions>
    </Filter>
  </ItemGroup>
  <ItemGroup>
    <ClCompile Include="..\SourceFiles\main.cpp">
      <Filter>源文件</Filter>
    </ClCompile>
  </ItemGroup>
  <ItemGroup>
    <ClInclude Include="..\SourceFiles\common.h">
      <Filter>头文件</Filter>
    </ClInclude>
    <ClInclude Include="..\SourceFiles\Solution\TwoSum.h">
      <Filter>头文件</Filter>
    </ClInclude>
    <ClInclude Include="..\SourceFiles\Solution\UniquePaths.h">
      <Filter>头文件</Filter>
    </ClInclude>
    <ClInclude Include="..\SourceFiles\Solution\ReverseLinkedList.h">
      <Filter>头文件</Filter>
    </ClInclude>
    <ClInclude Include="..\SourceFiles\Solution\UniquePaths2.h">
      <Filter>头文件</Filter>
    </ClInclude>
    <ClInclude Include="..\SourceFiles\Solution\UniquePaths3.h">
      <Filter>头文件</Filter>
    </ClInclude>
    <ClInclude Include="..\SourceFiles\Solution\WordSearch.h">
      <Filter>头文件</Filter>
    </ClInclude>
    <ClInclude Include="..\SourceFiles\Solution\NumberOfIslands.h">
      <Filter>头文件</Filter>
    </ClInclude>
    <ClInclude Include="..\SourceFiles\Solution\SurroundedRegions.h">
      <Filter>头文件</Filter>
    </ClInclude>
    <ClInclude Include="..\SourceFiles\Solution\AddStrings.h">
      <Filter>头文件</Filter>
    </ClInclude>
    <ClInclude Include="..\SourceFiles\Solution\AddTwoNumbers.h">
      <Filter>头文件</Filter>
    </ClInclude>
    <ClInclude Include="..\SourceFiles\Solution\ClimbingStaris.h">
      <Filter>头文件</Filter>
    </ClInclude>
    <ClInclude Include="..\SourceFiles\Solution\CombinationSum3.h">
      <Filter>头文件</Filter>
    </ClInclude>
    <ClInclude Include="..\SourceFiles\Solution\CombinationSum.h">
      <Filter>头文件</Filter>
    </ClInclude>
    <ClInclude Include="..\SourceFiles\Solution\CombinationSum2.h">
      <Filter>头文件</Filter>
    </ClInclude>
    <ClInclude Include="..\SourceFiles\Solution\MinCostClimbingStairs.h">
      <Filter>头文件</Filter>
    </ClInclude>
    <ClInclude Include="..\SourceFiles\Solution\WordSearch2.h">
      <Filter>头文件</Filter>
    </ClInclude>
    <ClInclude Include="..\SourceFiles\Solution\TrappingRainWater.h">
      <Filter>头文件</Filter>
    </ClInclude>
    <ClInclude Include="..\SourceFiles\Solution\TrappingRainWater2.h">
      <Filter>头文件</Filter>
    </ClInclude>
    <ClInclude Include="..\SourceFiles\Solution\MaximumNumberofPointsFromGridQueries.h">
      <Filter>头文件</Filter>
    </ClInclude>
    <ClInclude Include="..\SourceFiles\Solution\RottingOranges.h">
      <Filter>头文件</Filter>
    </ClInclude>
    <ClInclude Include="..\SourceFiles\Solution\DetonateTheMaximumBombs.h">
      <Filter>头文件</Filter>
    </ClInclude>
    <ClInclude Include="..\SourceFiles\Solution\NumberOfProvinces.h">
      <Filter>头文件</Filter>
    </ClInclude>
    <ClInclude Include="..\SourceFiles\Solution\BinarySearch.h">
      <Filter>头文件</Filter>
    </ClInclude>
    <ClInclude Include="..\SourceFiles\Solution\ContainerWithMostWater.h">
      <Filter>头文件</Filter>
    </ClInclude>
    <ClInclude Include="..\SourceFiles\Solution\SwapNodesInPairs.h">
      <Filter>头文件</Filter>
    </ClInclude>
    <ClInclude Include="..\SourceFiles\Solution\SwappingNodesInALinkedList.h">
      <Filter>头文件</Filter>
    </ClInclude>
    <ClInclude Include="..\SourceFiles\Solution\MergeTwoSortedLists.h">
      <Filter>头文件</Filter>
    </ClInclude>
    <ClInclude Include="..\SourceFiles\Solution\MaxAreaOfIsland.h">
      <Filter>头文件</Filter>
    </ClInclude>
    <ClInclude Include="..\SourceFiles\Solution\MajorityElement.h">
      <Filter>头文件</Filter>
    </ClInclude>
    <ClInclude Include="..\SourceFiles\Solution\SingleNumber.h">
      <Filter>头文件</Filter>
    </ClInclude>
    <ClInclude Include="..\SourceFiles\Solution\MininumPathSum.h">
      <Filter>头文件</Filter>
    </ClInclude>
    <ClInclude Include="..\SourceFiles\Solution\SortList.h">
      <Filter>头文件</Filter>
    </ClInclude>
    <ClInclude Include="..\SourceFiles\Solution\TextJustification.h">
      <Filter>头文件</Filter>
    </ClInclude>
  </ItemGroup>
</Project>